
Microsoft Visual Studio Solution File, Format Version 12.00
# Visual Studio 14
VisualStudioVersion = 14.0.25123.0
MinimumVisualStudioVersion = 10.0.40219.1
Project("{FAE04EC0-301F-11D3-BF4B-00C04F79EFBC}") = "EncryptionDecryption", "EncryptionDecryption\EncryptionDecryption.csproj", "{6355EF83-E7E4-49CE-9E35-7F6A0BDD83E0}"
EndProject
Project("{E24C65DC-7377-472B-9ABA-BC803B73C61A}") = "TryItPage", "TryItPage\", "{5294E178-7E27-47C0-8E13-193503EF6579}"
	ProjectSection(WebsiteProperties) = preProject
		TargetFrameworkMoniker = ".NETFramework,Version%3Dv4.0"
		Debug.AspNetCompiler.VirtualPath = "/localhost_49964"
		Debug.AspNetCompiler.PhysicalPath = "TryItPage\"
		Debug.AspNetCompiler.TargetPath = "PrecompiledWeb\localhost_49964\"
		Debug.AspNetCompiler.Updateable = "true"
		Debug.AspNetCompiler.ForceOverwrite = "true"
		Debug.AspNetCompiler.FixedNames = "false"
		Debug.AspNetCompiler.Debug = "True"
		Release.AspNetCompiler.VirtualPath = "/localhost_49964"
		Release.AspNetCompiler.PhysicalPath = "TryItPage\"
		Release.AspNetCompiler.TargetPath = "PrecompiledWeb\localhost_49964\"
		Release.AspNetCompiler.Updateable = "true"
		Release.AspNetCompiler.ForceOverwrite = "true"
		Release.AspNetCompiler.FixedNames = "false"
		Release.AspNetCompiler.Debug = "False"
		VWDPort = "49964"
		SlnRelativePath = "TryItPage\"
	EndProjectSection
	ProjectSection(ProjectDependencies) = postProject
		{6355EF83-E7E4-49CE-9E35-7F6A0BDD83E0} = {6355EF83-E7E4-49CE-9E35-7F6A0BDD83E0}
	EndProjectSection
EndProject
Global
	GlobalSection(SolutionConfigurationPlatforms) = preSolution
		Debug|Any CPU = Debug|Any CPU
		Release|Any CPU = Release|Any CPU
	EndGlobalSection
	GlobalSection(ProjectConfigurationPlatforms) = postSolution
		{6355EF83-E7E4-49CE-9E35-7F6A0BDD83E0}.Debug|Any CPU.ActiveCfg = Debug|Any CPU
		{6355EF83-E7E4-49CE-9E35-7F6A0BDD83E0}.Debug|Any CPU.Build.0 = Debug|Any CPU
		{6355EF83-E7E4-49CE-9E35-7F6A0BDD83E0}.Release|Any CPU.ActiveCfg = Release|Any CPU
		{6355EF83-E7E4-49CE-9E35-7F6A0BDD83E0}.Release|Any CPU.Build.0 = Release|Any CPU
		{5294E178-7E27-47C0-8E13-193503EF6579}.Debug|Any CPU.ActiveCfg = Debug|Any CPU
		{5294E178-7E27-47C0-8E13-193503EF6579}.Debug|Any CPU.Build.0 = Debug|Any CPU
		{5294E178-7E27-47C0-8E13-193503EF6579}.Release|Any CPU.ActiveCfg = Debug|Any CPU
		{5294E178-7E27-47C0-8E13-193503EF6579}.Release|Any CPU.Build.0 = Debug|Any CPU
	EndGlobalSection
	GlobalSection(SolutionProperties) = preSolution
		HideSolutionNode = FALSE
	EndGlobalSection
EndGlobal
